
Microsoft Visual Studio Solution File, Format Version 12.00
# Visual Studio Version 17
VisualStudioVersion = 17.8.34330.188
MinimumVisualStudioVersion = 10.0.40219.1
Project("{FAE04EC0-301F-11D3-BF4B-00C04F79EFBC}") = "core-user-ms", "core-user-ms\core-user-ms.csproj", "{7D1E9868-021A-45C1-8CD6-1FB453766C9E}"
EndProject
Global
	GlobalSection(SolutionConfigurationPlatforms) = preSolution
		Debug|Any CPU = Debug|Any CPU
		Release|Any CPU = Release|Any CPU
	EndGlobalSection
	GlobalSection(ProjectConfigurationPlatforms) = postSolution
		{7D1E9868-021A-45C1-8CD6-1FB453766C9E}.Debug|Any CPU.ActiveCfg = Debug|Any CPU
		{7D1E9868-021A-45C1-8CD6-1FB453766C9E}.Debug|Any CPU.Build.0 = Debug|Any CPU
		{7D1E9868-021A-45C1-8CD6-1FB453766C9E}.Release|Any CPU.ActiveCfg = Release|Any CPU
		{7D1E9868-021A-45C1-8CD6-1FB453766C9E}.Release|Any CPU.Build.0 = Release|Any CPU
	EndGlobalSection
	GlobalSection(SolutionProperties) = preSolution
		HideSolutionNode = FALSE
	EndGlobalSection
	GlobalSection(ExtensibilityGlobals) = postSolution
		SolutionGuid = {C5BE8C0B-664B-47E4-B1CA-5B8625FC19E3}
	EndGlobalSection
EndGlobal
